
Microsoft Visual Studio Solution File, Format Version 12.00
# Visual Studio Version 17
VisualStudioVersion = 17.12.35514.174
MinimumVisualStudioVersion = 10.0.40219.1
Project("{FAE04EC0-301F-11D3-BF4B-00C04F79EFBC}") = "Ideaportal.Web", "Ideaportal.Web\Ideaportal.Web.csproj", "{E2B86950-0DB4-402E-8908-D0EC95A95ED4}"
EndProject
Project("{FAE04EC0-301F-11D3-BF4B-00C04F79EFBC}") = "Application", "Application\Application.csproj", "{F73F13E6-773F-44B6-A1BE-5737899B8B79}"
EndProject
Project("{FAE04EC0-301F-11D3-BF4B-00C04F79EFBC}") = "Domain", "Domain\Domain.csproj", "{5B87CDCC-A041-4326-A941-AB861B2DD2E0}"
EndProject
Project("{FAE04EC0-301F-11D3-BF4B-00C04F79EFBC}") = "Infrastructure", "Infrastructure\Infrastructure.csproj", "{4A6A63E2-469D-46F9-BF9D-0833270EBEDC}"
EndProject
Global
	GlobalSection(SolutionConfigurationPlatforms) = preSolution
		Debug|Any CPU = Debug|Any CPU
		Release|Any CPU = Release|Any CPU
	EndGlobalSection
	GlobalSection(ProjectConfigurationPlatforms) = postSolution
		{E2B86950-0DB4-402E-8908-D0EC95A95ED4}.Debug|Any CPU.ActiveCfg = Debug|Any CPU
		{E2B86950-0DB4-402E-8908-D0EC95A95ED4}.Debug|Any CPU.Build.0 = Debug|Any CPU
		{E2B86950-0DB4-402E-8908-D0EC95A95ED4}.Release|Any CPU.ActiveCfg = Release|Any CPU
		{E2B86950-0DB4-402E-8908-D0EC95A95ED4}.Release|Any CPU.Build.0 = Release|Any CPU
		{F73F13E6-773F-44B6-A1BE-5737899B8B79}.Debug|Any CPU.ActiveCfg = Debug|Any CPU
		{F73F13E6-773F-44B6-A1BE-5737899B8B79}.Debug|Any CPU.Build.0 = Debug|Any CPU
		{F73F13E6-773F-44B6-A1BE-5737899B8B79}.Release|Any CPU.ActiveCfg = Release|Any CPU
		{F73F13E6-773F-44B6-A1BE-5737899B8B79}.Release|Any CPU.Build.0 = Release|Any CPU
		{5B87CDCC-A041-4326-A941-AB861B2DD2E0}.Debug|Any CPU.ActiveCfg = Debug|Any CPU
		{5B87CDCC-A041-4326-A941-AB861B2DD2E0}.Debug|Any CPU.Build.0 = Debug|Any CPU
		{5B87CDCC-A041-4326-A941-AB861B2DD2E0}.Release|Any CPU.ActiveCfg = Release|Any CPU
		{5B87CDCC-A041-4326-A941-AB861B2DD2E0}.Release|Any CPU.Build.0 = Release|Any CPU
		{4A6A63E2-469D-46F9-BF9D-0833270EBEDC}.Debug|Any CPU.ActiveCfg = Debug|Any CPU
		{4A6A63E2-469D-46F9-BF9D-0833270EBEDC}.Debug|Any CPU.Build.0 = Debug|Any CPU
		{4A6A63E2-469D-46F9-BF9D-0833270EBEDC}.Release|Any CPU.ActiveCfg = Release|Any CPU
		{4A6A63E2-469D-46F9-BF9D-0833270EBEDC}.Release|Any CPU.Build.0 = Release|Any CPU
	EndGlobalSection
	GlobalSection(SolutionProperties) = preSolution
		HideSolutionNode = FALSE
	EndGlobalSection
EndGlobal
